
Microsoft Visual Studio Solution File, Format Version 12.00
# Visual Studio Version 16
VisualStudioVersion = 16.0.31205.134
MinimumVisualStudioVersion = 10.0.40219.1
Project("{FAE04EC0-301F-11D3-BF4B-00C04F79EFBC}") = "desataya", "desataya\desataya.csproj", "{3381676C-8F65-408B-93F1-A8AD2F0401CB}"
EndProject
Global
	GlobalSection(SolutionConfigurationPlatforms) = preSolution
		Debug|Any CPU = Debug|Any CPU
		Release|Any CPU = Release|Any CPU
	EndGlobalSection
	GlobalSection(ProjectConfigurationPlatforms) = postSolution
		{3381676C-8F65-408B-93F1-A8AD2F0401CB}.Debug|Any CPU.ActiveCfg = Debug|Any CPU
		{3381676C-8F65-408B-93F1-A8AD2F0401CB}.Debug|Any CPU.Build.0 = Debug|Any CPU
		{3381676C-8F65-408B-93F1-A8AD2F0401CB}.Release|Any CPU.ActiveCfg = Release|Any CPU
		{3381676C-8F65-408B-93F1-A8AD2F0401CB}.Release|Any CPU.Build.0 = Release|Any CPU
	EndGlobalSection
	GlobalSection(SolutionProperties) = preSolution
		HideSolutionNode = FALSE
	EndGlobalSection
	GlobalSection(ExtensibilityGlobals) = postSolution
		SolutionGuid = {F7EB6BB0-3160-4F23-B72B-B6688F9CAD8E}
	EndGlobalSection
EndGlobal
